
Microsoft Visual Studio Solution File, Format Version 12.00
# Visual Studio Version 17
VisualStudioVersion = 17.0.32112.339
MinimumVisualStudioVersion = 10.0.40219.1
Project("{9A19103F-16F7-4668-BE54-9A1E7A4F7556}") = "DiamanteDeLetras.ConsoleApp1", "DiamanteDeLetras.ConsoleApp1\DiamanteDeLetras.ConsoleApp1.csproj", "{FFCA85D8-299C-4C82-8292-F2028D6D3C05}"
EndProject
Global
	GlobalSection(SolutionConfigurationPlatforms) = preSolution
		Debug|Any CPU = Debug|Any CPU
		Release|Any CPU = Release|Any CPU
	EndGlobalSection
	GlobalSection(ProjectConfigurationPlatforms) = postSolution
		{FFCA85D8-299C-4C82-8292-F2028D6D3C05}.Debug|Any CPU.ActiveCfg = Debug|Any CPU
		{FFCA85D8-299C-4C82-8292-F2028D6D3C05}.Debug|Any CPU.Build.0 = Debug|Any CPU
		{FFCA85D8-299C-4C82-8292-F2028D6D3C05}.Release|Any CPU.ActiveCfg = Release|Any CPU
		{FFCA85D8-299C-4C82-8292-F2028D6D3C05}.Release|Any CPU.Build.0 = Release|Any CPU
	EndGlobalSection
	GlobalSection(SolutionProperties) = preSolution
		HideSolutionNode = FALSE
	EndGlobalSection
	GlobalSection(ExtensibilityGlobals) = postSolution
		SolutionGuid = {AC01E40B-A428-43C8-9068-5C93645ACE34}
	EndGlobalSection
EndGlobal
